
Microsoft Visual Studio Solution File, Format Version 12.00
# Visual Studio Version 17
VisualStudioVersion = 17.14.36121.58 d17.14
MinimumVisualStudioVersion = 10.0.40219.1
Project("{FAE04EC0-301F-11D3-BF4B-00C04F79EFBC}") = "Ichthyology", "Ichthyology.csproj", "{1AC53795-9AFB-C2BE-DF04-31CDE63A62F5}"
EndProject
Global
	GlobalSection(SolutionConfigurationPlatforms) = preSolution
		Debug|Any CPU = Debug|Any CPU
		Release|Any CPU = Release|Any CPU
	EndGlobalSection
	GlobalSection(ProjectConfigurationPlatforms) = postSolution
		{1AC53795-9AFB-C2BE-DF04-31CDE63A62F5}.Debug|Any CPU.ActiveCfg = Debug|Any CPU
		{1AC53795-9AFB-C2BE-DF04-31CDE63A62F5}.Debug|Any CPU.Build.0 = Debug|Any CPU
		{1AC53795-9AFB-C2BE-DF04-31CDE63A62F5}.Release|Any CPU.ActiveCfg = Release|Any CPU
		{1AC53795-9AFB-C2BE-DF04-31CDE63A62F5}.Release|Any CPU.Build.0 = Release|Any CPU
	EndGlobalSection
	GlobalSection(SolutionProperties) = preSolution
		HideSolutionNode = FALSE
	EndGlobalSection
	GlobalSection(ExtensibilityGlobals) = postSolution
		SolutionGuid = {DBDAE25A-E67E-42AC-A7A4-1B3577522CA8}
	EndGlobalSection
EndGlobal
